
Microsoft Visual Studio Solution File, Format Version 12.00
# Visual Studio 14
VisualStudioVersion = 14.0.25420.1
MinimumVisualStudioVersion = 10.0.40219.1
Project("{FAE04EC0-301F-11D3-BF4B-00C04F79EFBC}") = "Payroll", "Payroll\Payroll.csproj", "{AF42D787-D17B-46F6-A0C4-70A1BEEDD01A}"
EndProject
Global
	GlobalSection(SolutionConfigurationPlatforms) = preSolution
		Debug|Any CPU = Debug|Any CPU
		Release|Any CPU = Release|Any CPU
	EndGlobalSection
	GlobalSection(ProjectConfigurationPlatforms) = postSolution
		{AF42D787-D17B-46F6-A0C4-70A1BEEDD01A}.Debug|Any CPU.ActiveCfg = Debug|Any CPU
		{AF42D787-D17B-46F6-A0C4-70A1BEEDD01A}.Debug|Any CPU.Build.0 = Debug|Any CPU
		{AF42D787-D17B-46F6-A0C4-70A1BEEDD01A}.Release|Any CPU.ActiveCfg = Release|Any CPU
		{AF42D787-D17B-46F6-A0C4-70A1BEEDD01A}.Release|Any CPU.Build.0 = Release|Any CPU
	EndGlobalSection
	GlobalSection(SolutionProperties) = preSolution
		HideSolutionNode = FALSE
	EndGlobalSection
EndGlobal
